
Microsoft Visual Studio Solution File, Format Version 12.00
# Visual Studio Version 16
VisualStudioVersion = 16.0.30406.217
MinimumVisualStudioVersion = 10.0.40219.1
Project("{FAE04EC0-301F-11D3-BF4B-00C04F79EFBC}") = "Seguros", "Seguros\Seguros.csproj", "{684B99F6-C593-4F0D-AEB2-FEAD07A3E98F}"
EndProject
Project("{FAE04EC0-301F-11D3-BF4B-00C04F79EFBC}") = "Interfaz", "Interfaz\Interfaz.csproj", "{2FDD7EDC-1890-4CF2-A449-D5CD940FDE5B}"
EndProject
Project("{FAE04EC0-301F-11D3-BF4B-00C04F79EFBC}") = "ABDContexto", "ABDContexto\ABDContexto.csproj", "{0D68DE88-B02C-4AFC-9B75-38A54E68CFCD}"
EndProject
Global
	GlobalSection(SolutionConfigurationPlatforms) = preSolution
		Debug|Any CPU = Debug|Any CPU
		Release|Any CPU = Release|Any CPU
	EndGlobalSection
	GlobalSection(ProjectConfigurationPlatforms) = postSolution
		{684B99F6-C593-4F0D-AEB2-FEAD07A3E98F}.Debug|Any CPU.ActiveCfg = Debug|Any CPU
		{684B99F6-C593-4F0D-AEB2-FEAD07A3E98F}.Debug|Any CPU.Build.0 = Debug|Any CPU
		{684B99F6-C593-4F0D-AEB2-FEAD07A3E98F}.Release|Any CPU.ActiveCfg = Release|Any CPU
		{684B99F6-C593-4F0D-AEB2-FEAD07A3E98F}.Release|Any CPU.Build.0 = Release|Any CPU
		{2FDD7EDC-1890-4CF2-A449-D5CD940FDE5B}.Debug|Any CPU.ActiveCfg = Debug|Any CPU
		{2FDD7EDC-1890-4CF2-A449-D5CD940FDE5B}.Debug|Any CPU.Build.0 = Debug|Any CPU
		{2FDD7EDC-1890-4CF2-A449-D5CD940FDE5B}.Release|Any CPU.ActiveCfg = Release|Any CPU
		{2FDD7EDC-1890-4CF2-A449-D5CD940FDE5B}.Release|Any CPU.Build.0 = Release|Any CPU
		{0D68DE88-B02C-4AFC-9B75-38A54E68CFCD}.Debug|Any CPU.ActiveCfg = Debug|Any CPU
		{0D68DE88-B02C-4AFC-9B75-38A54E68CFCD}.Debug|Any CPU.Build.0 = Debug|Any CPU
		{0D68DE88-B02C-4AFC-9B75-38A54E68CFCD}.Release|Any CPU.ActiveCfg = Release|Any CPU
		{0D68DE88-B02C-4AFC-9B75-38A54E68CFCD}.Release|Any CPU.Build.0 = Release|Any CPU
	EndGlobalSection
	GlobalSection(SolutionProperties) = preSolution
		HideSolutionNode = FALSE
	EndGlobalSection
	GlobalSection(ExtensibilityGlobals) = postSolution
		SolutionGuid = {06A886EF-DF23-406E-A5CD-E5099AF9CAFB}
	EndGlobalSection
EndGlobal
